
Microsoft Visual Studio Solution File, Format Version 12.00
# Visual Studio Version 17
VisualStudioVersion = 17.7.34003.232
MinimumVisualStudioVersion = 10.0.40219.1
Project("{FAE04EC0-301F-11D3-BF4B-00C04F79EFBC}") = "CRUD_DAPPER", "CRUD_DAPPER\CRUD_DAPPER.csproj", "{A6628EE7-502D-4746-A6E0-87D8BDC7B90B}"
EndProject
Global
	GlobalSection(SolutionConfigurationPlatforms) = preSolution
		Debug|Any CPU = Debug|Any CPU
		Release|Any CPU = Release|Any CPU
	EndGlobalSection
	GlobalSection(ProjectConfigurationPlatforms) = postSolution
		{A6628EE7-502D-4746-A6E0-87D8BDC7B90B}.Debug|Any CPU.ActiveCfg = Debug|Any CPU
		{A6628EE7-502D-4746-A6E0-87D8BDC7B90B}.Debug|Any CPU.Build.0 = Debug|Any CPU
		{A6628EE7-502D-4746-A6E0-87D8BDC7B90B}.Release|Any CPU.ActiveCfg = Release|Any CPU
		{A6628EE7-502D-4746-A6E0-87D8BDC7B90B}.Release|Any CPU.Build.0 = Release|Any CPU
	EndGlobalSection
	GlobalSection(SolutionProperties) = preSolution
		HideSolutionNode = FALSE
	EndGlobalSection
	GlobalSection(ExtensibilityGlobals) = postSolution
		SolutionGuid = {1D915433-FBD4-4D3F-870D-0F874BBF49AB}
	EndGlobalSection
EndGlobal
